PODS:
  - NERtcSDK (5.6.40):
    - NERtcSDK/AiDenoise (= 5.6.40)
    - NERtcSDK/AiHowling (= 5.6.40)
    - NERtcSDK/Beauty (= 5.6.40)
    - NERtcSDK/FaceDetect (= 5.6.40)
    - NERtcSDK/FaceEnhance (= 5.6.40)
    - NERtcSDK/Nenn (= 5.6.40)
    - NERtcSDK/RtcBasic (= 5.6.40)
    - NERtcSDK/ScreenShare (= 5.6.40)
    - NERtcSDK/Segment (= 5.6.40)
    - NERtcSDK/SpatialSound (= 5.6.40)
    - NERtcSDK/SuperResolution (= 5.6.40)
    - NERtcSDK/VideoDenoise (= 5.6.40)
  - NERtcSDK/AiDenoise (5.6.40)
  - NERtcSDK/AiHowling (5.6.40)
  - NERtcSDK/Beauty (5.6.40)
  - NERtcSDK/FaceDetect (5.6.40)
  - NERtcSDK/FaceEnhance (5.6.40)
  - NERtcSDK/Nenn (5.6.40)
  - NERtcSDK/RtcBasic (5.6.40)
  - NERtcSDK/ScreenShare (5.6.40)
  - NERtcSDK/Segment (5.6.40)
  - NERtcSDK/SpatialSound (5.6.40)
  - NERtcSDK/SuperResolution (5.6.40)
  - NERtcSDK/VideoDenoise (5.6.40)

DEPENDENCIES:
  - NERtcSDK (= 5.6.40)
  - NERtcSDK/ScreenShare (= 5.6.40)

SPEC REPOS:
  trunk:
    - NERtcSDK

SPEC CHECKSUMS:
  NERtcSDK: 31cae0be74a20a2c244da3669dd6b5f59658af0d

PODFILE CHECKSUM: 70081cd6405eb11bf064843f0dfa854af4ecb6a6

COCOAPODS: 1.15.2
